
Microsoft Visual Studio Solution File, Format Version 12.00
# Visual Studio Version 16
VisualStudioVersion = 16.0.31702.278
MinimumVisualStudioVersion = 10.0.40219.1
Project("{FAE04EC0-301F-11D3-BF4B-00C04F79EFBC}") = "OpusDomi", "OpusDomi\OpusDomi.csproj", "{6E9DB3DA-D048-4F77-8C1B-AF92CFEED893}"
EndProject
Global
	GlobalSection(SolutionConfigurationPlatforms) = preSolution
		Debug|Any CPU = Debug|Any CPU
		Release|Any CPU = Release|Any CPU
	EndGlobalSection
	GlobalSection(ProjectConfigurationPlatforms) = postSolution
		{6E9DB3DA-D048-4F77-8C1B-AF92CFEED893}.Debug|Any CPU.ActiveCfg = Debug|Any CPU
		{6E9DB3DA-D048-4F77-8C1B-AF92CFEED893}.Debug|Any CPU.Build.0 = Debug|Any CPU
		{6E9DB3DA-D048-4F77-8C1B-AF92CFEED893}.Release|Any CPU.ActiveCfg = Release|Any CPU
		{6E9DB3DA-D048-4F77-8C1B-AF92CFEED893}.Release|Any CPU.Build.0 = Release|Any CPU
	EndGlobalSection
	GlobalSection(SolutionProperties) = preSolution
		HideSolutionNode = FALSE
	EndGlobalSection
	GlobalSection(ExtensibilityGlobals) = postSolution
		SolutionGuid = {21CF686F-B17C-4D2B-915A-F4D6B77ABFEC}
	EndGlobalSection
EndGlobal
